
Microsoft Visual Studio Solution File, Format Version 12.00
# Visual Studio Express 14 for Windows Desktop
VisualStudioVersion = 14.0.23107.0
MinimumVisualStudioVersion = 10.0.40219.1
Project("{FAE04EC0-301F-11D3-BF4B-00C04F79EFBC}") = "01.Human, Student and Worker", "01.Human, Student and Worker\01.Human, Student and Worker.csproj", "{CB72309B-D99A-4209-96D1-711DA7ACF9A2}"
EndProject
Project("{FAE04EC0-301F-11D3-BF4B-00C04F79EFBC}") = "02.Animals", "02.Animals\02.Animals.csproj", "{BEF63E29-BAA7-4146-A860-17FFC6F42D56}"
EndProject
Project("{FAE04EC0-301F-11D3-BF4B-00C04F79EFBC}") = "03.Company Hierarchy", "03.Company Hierarchy\03.Company Hierarchy.csproj", "{F3506071-6F9E-4C95-B0DA-21C191C1F66B}"
EndProject
Global
	GlobalSection(SolutionConfigurationPlatforms) = preSolution
		Debug|Any CPU = Debug|Any CPU
		Release|Any CPU = Release|Any CPU
	EndGlobalSection
	GlobalSection(ProjectConfigurationPlatforms) = postSolution
		{CB72309B-D99A-4209-96D1-711DA7ACF9A2}.Debug|Any CPU.ActiveCfg = Debug|Any CPU
		{CB72309B-D99A-4209-96D1-711DA7ACF9A2}.Debug|Any CPU.Build.0 = Debug|Any CPU
		{CB72309B-D99A-4209-96D1-711DA7ACF9A2}.Release|Any CPU.ActiveCfg = Release|Any CPU
		{CB72309B-D99A-4209-96D1-711DA7ACF9A2}.Release|Any CPU.Build.0 = Release|Any CPU
		{BEF63E29-BAA7-4146-A860-17FFC6F42D56}.Debug|Any CPU.ActiveCfg = Debug|Any CPU
		{BEF63E29-BAA7-4146-A860-17FFC6F42D56}.Debug|Any CPU.Build.0 = Debug|Any CPU
		{BEF63E29-BAA7-4146-A860-17FFC6F42D56}.Release|Any CPU.ActiveCfg = Release|Any CPU
		{BEF63E29-BAA7-4146-A860-17FFC6F42D56}.Release|Any CPU.Build.0 = Release|Any CPU
		{F3506071-6F9E-4C95-B0DA-21C191C1F66B}.Debug|Any CPU.ActiveCfg = Debug|Any CPU
		{F3506071-6F9E-4C95-B0DA-21C191C1F66B}.Debug|Any CPU.Build.0 = Debug|Any CPU
		{F3506071-6F9E-4C95-B0DA-21C191C1F66B}.Release|Any CPU.ActiveCfg = Release|Any CPU
		{F3506071-6F9E-4C95-B0DA-21C191C1F66B}.Release|Any CPU.Build.0 = Release|Any CPU
	EndGlobalSection
	GlobalSection(SolutionProperties) = preSolution
		HideSolutionNode = FALSE
	EndGlobalSection
EndGlobal
